
Microsoft Visual Studio Solution File, Format Version 12.00
# Visual Studio Version 17
VisualStudioVersion = 17.14.37216.2 d17.14
MinimumVisualStudioVersion = 10.0.40219.1
Project("{FAE04EC0-301F-11D3-BF4B-00C04F79EFBC}") = "TicTacToe", "TicTacToe\TicTacToe.csproj", "{8324FBB3-0A0C-49E6-9533-6408347B2124}"
EndProject
Global
	GlobalSection(SolutionConfigurationPlatforms) = preSolution
		Debug|Any CPU = Debug|Any CPU
		Release|Any CPU = Release|Any CPU
	EndGlobalSection
	GlobalSection(ProjectConfigurationPlatforms) = postSolution
		{8324FBB3-0A0C-49E6-9533-6408347B2124}.Debug|Any CPU.ActiveCfg = Debug|Any CPU
		{8324FBB3-0A0C-49E6-9533-6408347B2124}.Debug|Any CPU.Build.0 = Debug|Any CPU
		{8324FBB3-0A0C-49E6-9533-6408347B2124}.Release|Any CPU.ActiveCfg = Release|Any CPU
		{8324FBB3-0A0C-49E6-9533-6408347B2124}.Release|Any CPU.Build.0 = Release|Any CPU
	EndGlobalSection
	GlobalSection(SolutionProperties) = preSolution
		HideSolutionNode = FALSE
	EndGlobalSection
	GlobalSection(ExtensibilityGlobals) = postSolution
		SolutionGuid = {0C2B9778-0AEC-4FCC-B55E-F1D282EBD2F2}
	EndGlobalSection
EndGlobal
